// !$*UTF8*$!
{
	archiveVersion = 1;
	classes = {
	};
	objectVersion = 50;
	objects = {

/* Begin PBXBuildFile section */
		C5BC59CB2307EE4E005578EF /* AppDelegate.swift in Sources */ = {isa = PBXBuildFile; fileRef = C5BC59CA2307EE4E005578EF /* AppDelegate.swift */; };
		C5BC59CD2307EE4E005578EF /* CategoriesVC.swift in Sources */ = {isa = PBXBuildFile; fileRef = C5BC59CC2307EE4E005578EF /* CategoriesVC.swift */; };
		C5BC59D02307EE4E005578EF /* Main.storyboard in Resources */ = {isa = PBXBuildFile; fileRef = C5BC59CE2307EE4E005578EF /* Main.storyboard */; };
		C5BC59D22307EE60005578EF /* Assets.xcassets in Resources */ = {isa = PBXBuildFile; fileRef = C5BC59D12307EE60005578EF /* Assets.xcassets */; };
		C5BC59D52307EE60005578EF /* LaunchScreen.storyboard in Resources */ = {isa = PBXBuildFile; fileRef = C5BC59D32307EE60005578EF /* LaunchScreen.storyboard */; };
		C5DD508E230D2F8500791E09 /* CategoryCell.swift in Sources */ = {isa = PBXBuildFile; fileRef = C5DD508D230D2F8500791E09 /* CategoryCell.swift */; };
		C5DD5090230D33C100791E09 /* Category.swift in Sources */ = {isa = PBXBuildFile; fileRef = C5DD508F230D33C100791E09 /* Category.swift */; };
		C5DD5093230D39B400791E09 /* DataService.swift in Sources */ = {isa = PBXBuildFile; fileRef = C5DD5092230D39B400791E09 /* DataService.swift */; };
/* End PBXBuildFile section */

/* Begin PBXFileReference section */
		C5BC59C72307EE4E005578EF /* coder-swag.app */ = {isa = PBXFileReference; explicitFileType = wrapper.application; includeInIndex = 0; path = "coder-swag.app"; sourceTree = BUILT_PRODUCTS_DIR; };
		C5BC59CA2307EE4E005578EF /* AppDelegate.swift */ = {isa = PBXFileReference; lastKnownFileType = sourcecode.swift; path = AppDelegate.swift; sourceTree = "<group>"; };
		C5BC59CC2307EE4E005578EF /* CategoriesVC.swift */ = {isa = PBXFileReference; lastKnownFileType = sourcecode.swift; path = CategoriesVC.swift; sourceTree = "<group>"; };
		C5BC59CF2307EE4E005578EF /* Base */ = {isa = PBXFileReference; lastKnownFileType = file.storyboard; name = Base; path = Base.lproj/Main.storyboard; sourceTree = "<group>"; };
		C5BC59D12307EE60005578EF /* Assets.xcassets */ = {isa = PBXFileReference; lastKnownFileType = folder.assetcatalog; path = Assets.xcassets; sourceTree = "<group>"; };
		C5BC59D42307EE60005578EF /* Base */ = {isa = PBXFileReference; lastKnownFileType = file.storyboard; name = Base; path = Base.lproj/LaunchScreen.storyboard; sourceTree = "<group>"; };
		C5BC59D62307EE60005578EF /* Info.plist */ = {isa = PBXFileReference; lastKnownFileType = text.plist.xml; path = Info.plist; sourceTree = "<group>"; };
		C5DD508D230D2F8500791E09 /* CategoryCell.swift */ = {isa = PBXFileReference; lastKnownFileType = sourcecode.swift; path = CategoryCell.swift; sourceTree = "<group>"; };
		C5DD508F230D33C100791E09 /* Category.swift */ = {isa = PBXFileReference; lastKnownFileType = sourcecode.swift; path = Category.swift; sourceTree = "<group>"; };
		C5DD5092230D39B400791E09 /* DataService.swift */ = {isa = PBXFileReference; lastKnownFileType = sourcecode.swift; path = DataService.swift; sourceTree = "<group>"; };
/* End PBXFileReference section */

/* Begin PBXFrameworksBuildPhase section */
		C5BC59C42307EE4E005578EF /* Frameworks */ = {
			isa = PBXFrameworksBuildPhase;
			buildActionMask = 2147483647;
			files = (
			);
			runOnlyForDeploymentPostprocessing = 0;
		};
/* End PBXFrameworksBuildPhase section */

/* Begin PBXGroup section */
		C5BC59BE2307EE4D005578EF = {
			isa = PBXGroup;
			children = (
				C5BC59C92307EE4E005578EF /* coder-swag */,
				C5BC59C82307EE4E005578EF /* Products */,
			);
			sourceTree = "<group>";
		};
		C5BC59C82307EE4E005578EF /* Products */ = {
			isa = PBXGroup;
			children = (
				C5BC59C72307EE4E005578EF /* coder-swag.app */,
			);
			name = Products;
			sourceTree = "<group>";
		};
		C5BC59C92307EE4E005578EF /* coder-swag */ = {
			isa = PBXGroup;
			children = (
				C5DD5091230D399600791E09 /* Services */,
				C5DD508C230D2EEC00791E09 /* Model */,
				C5DD508B230D2EE000791E09 /* View */,
				C5DD508A230D2ED100791E09 /*  Controller */,
				C5BC59CA2307EE4E005578EF /* AppDelegate.swift */,
				C5BC59CE2307EE4E005578EF /* Main.storyboard */,
				C5BC59D12307EE60005578EF /* Assets.xcassets */,
				C5BC59D32307EE60005578EF /* LaunchScreen.storyboard */,
				C5BC59D62307EE60005578EF /* Info.plist */,
			);
			path = "coder-swag";
			sourceTree = "<group>";
		};
		C5DD508A230D2ED100791E09 /*  Controller */ = {
			isa = PBXGroup;
			children = (
				C5BC59CC2307EE4E005578EF /* CategoriesVC.swift */,
			);
			path = " Controller";
			sourceTree = "<group>";
		};
		C5DD508B230D2EE000791E09 /* View */ = {
			isa = PBXGroup;
			children = (
				C5DD508D230D2F8500791E09 /* CategoryCell.swift */,
			);
			path = View;
			sourceTree = "<group>";
		};
		C5DD508C230D2EEC00791E09 /* Model */ = {
			isa = PBXGroup;
			children = (
				C5DD508F230D33C100791E09 /* Category.swift */,
			);
			path = Model;
			sourceTree = "<group>";
		};
		C5DD5091230D399600791E09 /* Services */ = {
			isa = PBXGroup;
			children = (
				C5DD5092230D39B400791E09 /* DataService.swift */,
			);
			path = Services;
			sourceTree = "<group>";
		};
/* End PBXGroup section */

/* Begin PBXNativeTarget section */
		C5BC59C62307EE4E005578EF /* coder-swag */ = {
			isa = PBXNativeTarget;
			buildConfigurationList = C5BC59D92307EE60005578EF /* Build configuration list for PBXNativeTarget "coder-swag" */;
			buildPhases = (
				C5BC59C32307EE4E005578EF /* Sources */,
				C5BC59C42307EE4E005578EF /* Frameworks */,
				C5BC59C52307EE4E005578EF /* Resources */,
			);
			buildRules = (
			);
			dependencies = (
			);
			name = "coder-swag";
			productName = "coder-swag";
			productReference = C5BC59C72307EE4E005578EF /* coder-swag.app */;
			productType = "com.apple.product-type.application";
		};
/* End PBXNativeTarget section */

/* Begin PBXProject section */
		C5BC59BF2307EE4D005578EF /* Project object */ = {
			isa = PBXProject;
			attributes = {
				LastSwiftUpdateCheck = 1030;
				LastUpgradeCheck = 1030;
				ORGANIZATIONNAME = Sau;
				TargetAttributes = {
					C5BC59C62307EE4E005578EF = {
						CreatedOnToolsVersion = 10.3;
					};
				};
			};
			buildConfigurationList = C5BC59C22307EE4D005578EF /* Build configuration list for PBXProject "coder-swag" */;
			compatibilityVersion = "Xcode 9.3";
			developmentRegion = en;
			hasScannedForEncodings = 0;
			knownRegions = (
				en,
				Base,
			);
			mainGroup = C5BC59BE2307EE4D005578EF;
			productRefGroup = C5BC59C82307EE4E005578EF /* Products */;
			projectDirPath = "";
			projectRoot = "";
			targets = (
				C5BC59C62307EE4E005578EF /* coder-swag */,
			);
		};
/* End PBXProject section */

/* Begin PBXResourcesBuildPhase section */
		C5BC59C52307EE4E005578EF /* Resources */ = {
			isa = PBXResourcesBuildPhase;
			buildActionMask = 2147483647;
			files = (
				C5BC59D52307EE60005578EF /* LaunchScreen.storyboard in Resources */,
				C5BC59D22307EE60005578EF /* Assets.xcassets in Resources */,
				C5BC59D02307EE4E005578EF /* Main.storyboard in Resources */,
			);
			runOnlyForDeploymentPostprocessing = 0;
		};
/* End PBXResourcesBuildPhase section */

/* Begin PBXSourcesBuildPhase section */
		C5BC59C32307EE4E005578EF /* Sources */ = {
			isa = PBXSourcesBuildPhase;
			buildActionMask = 2147483647;
			files = (
				C5BC59CD2307EE4E005578EF /* CategoriesVC.swift in Sources */,
				C5BC59CB2307EE4E005578EF /* AppDelegate.swift in Sources */,
				C5DD508E230D2F8500791E09 /* CategoryCell.swift in Sources */,
				C5DD5090230D33C100791E09 /* Category.swift in Sources */,
				C5DD5093230D39B400791E09 /* DataService.swift in Sources */,
			);
			runOnlyForDeploymentPostprocessing = 0;
		};
/* End PBXSourcesBuildPhase section */

/* Begin PBXVariantGroup section */
		C5BC59CE2307EE4E005578EF /* Main.storyboard */ = {
			isa = PBXVariantGroup;
			children = (
				C5BC59CF2307EE4E005578EF /* Base */,
			);
			name = Main.storyboard;
			sourceTree = "<group>";
		};
		C5BC59D32307EE60005578EF /* LaunchScreen.storyboard */ = {
			isa = PBXVariantGroup;
			children = (
				C5BC59D42307EE60005578EF /* Base */,
			);
			name = LaunchScreen.storyboard;
			sourceTree = "<group>";
		};
/* End PBXVariantGroup section */

/* Begin XCBuildConfiguration section */
		C5BC59D72307EE60005578EF /* Debug */ = {
			isa = XCBuildConfiguration;
			buildSettings = {
				ALWAYS_SEARCH_USER_PATHS = NO;
				CLANG_ANALYZER_NONNULL = YES;
				CLANG_ANALYZER_NUMBER_OBJECT_CONVERSION = YES_AGGRESSIVE;
				CLANG_CXX_LANGUAGE_STANDARD = "gnu++14";
				CLANG_CXX_LIBRARY = "libc++";
				CLANG_ENABLE_MODULES = YES;
				CLANG_ENABLE_OBJC_ARC = YES;
				CLANG_ENABLE_OBJC_WEAK = YES;
				CLANG_WARN_BLOCK_CAPTURE_AUTORELEASING = YES;
				CLANG_WARN_BOOL_CONVERSION = YES;
				CLANG_WARN_COMMA = YES;
				CLANG_WARN_CONSTANT_CONVERSION = YES;
				CLANG_WARN_DEPRECATED_OBJC_IMPLEMENTATIONS = YES;
				CLANG_WARN_DIRECT_OBJC_ISA_USAGE = YES_ERROR;
				CLANG_WARN_DOCUMENTATION_COMMENTS = YES;
				CLANG_WARN_EMPTY_BODY = YES;
				CLANG_WARN_ENUM_CONVERSION = YES;
				CLANG_WARN_INFINITE_RECURSION = YES;
				CLANG_WARN_INT_CONVERSION = YES;
				CLANG_WARN_NON_LITERAL_NULL_CONVERSION = YES;
				CLANG_WARN_OBJC_IMPLICIT_RETAIN_SELF = YES;
				CLANG_WARN_OBJC_LITERAL_CONVERSION = YES;
				CLANG_WARN_OBJC_ROOT_CLASS = YES_ERROR;
				CLANG_WARN_RANGE_LOOP_ANALYSIS = YES;
				CLANG_WARN_STRICT_PROTOTYPES = YES;
				CLANG_WARN_SUSPICIOUS_MOVE = YES;
				CLANG_WARN_UNGUARDED_AVAILABILITY = YES_AGGRESSIVE;
				CLANG_WARN_UNREACHABLE_CODE = YES;
				CLANG_WARN__DUPLICATE_METHOD_MATCH = YES;
				CODE_SIGN_IDENTITY = "iPhone Developer";
				COPY_PHASE_STRIP = NO;
				DEBUG_INFORMATION_FORMAT = dwarf;
				ENABLE_STRICT_OBJC_MSGSEND = YES;
				ENABLE_TESTABILITY = YES;
				GCC_C_LANGUAGE_STANDARD = gnu11;
				GCC_DYNAMIC_NO_PIC = NO;
				GCC_NO_COMMON_BLOCKS = YES;
				GCC_OPTIMIZATION_LEVEL = 0;
				GCC_PREPROCESSOR_DEFINITIONS = (
					"DEBUG=1",
					"$(inherited)",
				);
				GCC_WARN_64_TO_32_BIT_CONVERSION = YES;
				GCC_WARN_ABOUT_RETURN_TYPE = YES_ERROR;
				GCC_WARN_UNDECLARED_SELECTOR = YES;
				GCC_WARN_UNINITIALIZED_AUTOS = YES_AGGRESSIVE;
				GCC_WARN_UNUSED_FUNCTION = YES;
				GCC_WARN_UNUSED_VARIABLE = YES;
				IPHONEOS_DEPLOYMENT_TARGET = 12.4;
				MTL_ENABLE_DEBUG_INFO = INCLUDE_SOURCE;
				MTL_FAST_MATH = YES;
				ONLY_ACTIVE_ARCH = YES;
				SDKROOT = iphoneos;
				SWIFT_ACTIVE_COMPILATION_CONDITIONS = DEBUG;
				SWIFT_OPTIMIZATION_LEVEL = "-Onone";
			};
			name = Debug;
		};
		C5BC59D82307EE60005578EF /* Release */ = {
			isa = XCBuildConfiguration;
			buildSettings = {
				ALWAYS_SEARCH_USER_PATHS = NO;
				CLANG_ANALYZER_NONNULL = YES;
				CLANG_ANALYZER_NUMBER_OBJECT_CONVERSION = YES_AGGRESSIVE;
				CLANG_CXX_LANGUAGE_STANDARD = "gnu++14";
				CLANG_CXX_LIBRARY = "libc++";
				CLANG_ENABLE_MODULES = YES;
				CLANG_ENABLE_OBJC_ARC = YES;
				CLANG_ENABLE_OBJC_WEAK = YES;
				CLANG_WARN_BLOCK_CAPTURE_AUTORELEASING = YES;
				CLANG_WARN_BOOL_CONVERSION = YES;
				CLANG_WARN_COMMA = YES;
				CLANG_WARN_CONSTANT_CONVERSION = YES;
				CLANG_WARN_DEPRECATED_OBJC_IMPLEMENTATIONS = YES;
				CLANG_WARN_DIRECT_OBJC_ISA_USAGE = YES_ERROR;
				CLANG_WARN_DOCUMENTATION_COMMENTS = YES;
				CLANG_WARN_EMPTY_BODY = YES;
				CLANG_WARN_ENUM_CONVERSION = YES;
				CLANG_WARN_INFINITE_RECURSION = YES;
				CLANG_WARN_INT_CONVERSION = YES;
				CLANG_WARN_NON_LITERAL_NULL_CONVERSION = YES;
				CLANG_WARN_OBJC_IMPLICIT_RETAIN_SELF = YES;
				CLANG_WARN_OBJC_LITERAL_CONVERSION = YES;
				CLANG_WARN_OBJC_ROOT_CLASS = YES_ERROR;
				CLANG_WARN_RANGE_LOOP_ANALYSIS = YES;
				CLANG_WARN_STRICT_PROTOTYPES = YES;
				CLANG_WARN_SUSPICIOUS_MOVE = YES;
				CLANG_WARN_UNGUARDED_AVAILABILITY = YES_AGGRESSIVE;
				CLANG_WARN_UNREACHABLE_CODE = YES;
				CLANG_WARN__DUPLICATE_METHOD_MATCH = YES;
				CODE_SIGN_IDENTITY = "iPhone Developer";
				COPY_PHASE_STRIP = NO;
				DEBUG_INFORMATION_FORMAT = "dwarf-with-dsym";
				ENABLE_NS_ASSERTIONS = NO;
				ENABLE_STRICT_OBJC_MSGSEND = YES;
				GCC_C_LANGUAGE_STANDARD = gnu11;
				GCC_NO_COMMON_BLOCKS = YES;
				GCC_WARN_64_TO_32_BIT_CONVERSION = YES;
				GCC_WARN_ABOUT_RETURN_TYPE = YES_ERROR;
				GCC_WARN_UNDECLARED_SELECTOR = YES;
				GCC_WARN_UNINITIALIZED_AUTOS = YES_AGGRESSIVE;
				GCC_WARN_UNUSED_FUNCTION = YES;
				GCC_WARN_UNUSED_VARIABLE = YES;
				IPHONEOS_DEPLOYMENT_TARGET = 12.4;
				MTL_ENABLE_DEBUG_INFO = NO;
				MTL_FAST_MATH = YES;
				SDKROOT = iphoneos;
				SWIFT_COMPILATION_MODE = wholemodule;
				SWIFT_OPTIMIZATION_LEVEL = "-O";
				VALIDATE_PRODUCT = YES;
			};
			name = Release;
		};
		C5BC59DA2307EE60005578EF /* Debug */ = {
			isa = XCBuildConfiguration;
			buildSettings = {
				ASSETCATALOG_COMPILER_APPICON_NAME = AppIcon;
				CODE_SIGN_STYLE = Automatic;
				DEVELOPMENT_TEAM = AQRQF994YY;
				INFOPLIST_FILE = "coder-swag/Info.plist";
				LD_RUNPATH_SEARCH_PATHS = (
					"$(inherited)",
					"@executable_path/Frameworks",
				);
				PRODUCT_BUNDLE_IDENTIFIER = "arzey.coder-swag";
				PRODUCT_NAME = "$(TARGET_NAME)";
				SWIFT_VERSION = 5.0;
				TARGETED_DEVICE_FAMILY = "1,2";
			};
			name = Debug;
		};
		C5BC59DB2307EE60005578EF /* Release */ = {
			isa = XCBuildConfiguration;
			buildSettings = {
				ASSETCATALOG_COMPILER_APPICON_NAME = AppIcon;
				CODE_SIGN_STYLE = Automatic;
				DEVELOPMENT_TEAM = AQRQF994YY;
				INFOPLIST_FILE = "coder-swag/Info.plist";
				LD_RUNPATH_SEARCH_PATHS = (
					"$(inherited)",
					"@executable_path/Frameworks",
				);
				PRODUCT_BUNDLE_IDENTIFIER = "arzey.coder-swag";
				PRODUCT_NAME = "$(TARGET_NAME)";
				SWIFT_VERSION = 5.0;
				TARGETED_DEVICE_FAMILY = "1,2";
			};
			name = Release;
		};
/* End XCBuildConfiguration section */

/* Begin XCConfigurationList section */
		C5BC59C22307EE4D005578EF /* Build configuration list for PBXProject "coder-swag" */ = {
			isa = XCConfigurationList;
			buildConfigurations = (
				C5BC59D72307EE60005578EF /* Debug */,
				C5BC59D82307EE60005578EF /* Release */,
			);
			defaultConfigurationIsVisible = 0;
			defaultConfigurationName = Release;
		};
		C5BC59D92307EE60005578EF /* Build configuration list for PBXNativeTarget "coder-swag" */ = {
			isa = XCConfigurationList;
			buildConfigurations = (
				C5BC59DA2307EE60005578EF /* Debug */,
				C5BC59DB2307EE60005578EF /* Release */,
			);
			defaultConfigurationIsVisible = 0;
			defaultConfigurationName = Release;
		};
/* End XCConfigurationList section */
	};
	rootObject = C5BC59BF2307EE4D005578EF /* Project object */;
}
